
Microsoft Visual Studio Solution File, Format Version 12.00
# Visual Studio 15
VisualStudioVersion = 15.0.28010.2003
MinimumVisualStudioVersion = 10.0.40219.1
Project("{9A19103F-16F7-4668-BE54-9A1E7A4F7556}") = "JTextDAQDataFileOperator.Interface", "JTextDAQDataFileOperator.Interface\JTextDAQDataFileOperator.Interface.csproj", "{21065362-5579-4912-8545-3F43839C1DF3}"
EndProject
Project("{9A19103F-16F7-4668-BE54-9A1E7A4F7556}") = "JTextDAQDataFileOperator.HDF5", "JTextDAQDataFileOperator.HDF5\JTextDAQDataFileOperator.HDF5.csproj", "{8C63A5C7-DBAD-45EF-A37C-4EC8331CE09A}"
EndProject
Project("{9A19103F-16F7-4668-BE54-9A1E7A4F7556}") = "JTextDAQDataFileOperator.Bin", "JTextDAQDataFileOperator.Bin\JTextDAQDataFileOperator.Bin.csproj", "{334D36E8-0E72-44B2-89C2-0760A7BBF90B}"
EndProject
Project("{FAE04EC0-301F-11D3-BF4B-00C04F79EFBC}") = "JTextDAQDataFileOperator.ConsoleTest.Framework", "JTextDAQDataFileOperator.ConsoleTest.Framework\JTextDAQDataFileOperator.ConsoleTest.Framework.csproj", "{07186287-E265-4408-B098-7B58F0F060A6}"
EndProject
Global
	GlobalSection(SolutionConfigurationPlatforms) = preSolution
		Debug|Any CPU = Debug|Any CPU
		Release|Any CPU = Release|Any CPU
	EndGlobalSection
	GlobalSection(ProjectConfigurationPlatforms) = postSolution
		{21065362-5579-4912-8545-3F43839C1DF3}.Debug|Any CPU.ActiveCfg = Debug|Any CPU
		{21065362-5579-4912-8545-3F43839C1DF3}.Debug|Any CPU.Build.0 = Debug|Any CPU
		{21065362-5579-4912-8545-3F43839C1DF3}.Release|Any CPU.ActiveCfg = Release|Any CPU
		{21065362-5579-4912-8545-3F43839C1DF3}.Release|Any CPU.Build.0 = Release|Any CPU
		{8C63A5C7-DBAD-45EF-A37C-4EC8331CE09A}.Debug|Any CPU.ActiveCfg = Debug|Any CPU
		{8C63A5C7-DBAD-45EF-A37C-4EC8331CE09A}.Debug|Any CPU.Build.0 = Debug|Any CPU
		{8C63A5C7-DBAD-45EF-A37C-4EC8331CE09A}.Release|Any CPU.ActiveCfg = Release|Any CPU
		{8C63A5C7-DBAD-45EF-A37C-4EC8331CE09A}.Release|Any CPU.Build.0 = Release|Any CPU
		{334D36E8-0E72-44B2-89C2-0760A7BBF90B}.Debug|Any CPU.ActiveCfg = Debug|Any CPU
		{334D36E8-0E72-44B2-89C2-0760A7BBF90B}.Debug|Any CPU.Build.0 = Debug|Any CPU
		{334D36E8-0E72-44B2-89C2-0760A7BBF90B}.Release|Any CPU.ActiveCfg = Release|Any CPU
		{334D36E8-0E72-44B2-89C2-0760A7BBF90B}.Release|Any CPU.Build.0 = Release|Any CPU
		{07186287-E265-4408-B098-7B58F0F060A6}.Debug|Any CPU.ActiveCfg = Debug|Any CPU
		{07186287-E265-4408-B098-7B58F0F060A6}.Debug|Any CPU.Build.0 = Debug|Any CPU
		{07186287-E265-4408-B098-7B58F0F060A6}.Release|Any CPU.ActiveCfg = Release|Any CPU
		{07186287-E265-4408-B098-7B58F0F060A6}.Release|Any CPU.Build.0 = Release|Any CPU
	EndGlobalSection
	GlobalSection(SolutionProperties) = preSolution
		HideSolutionNode = FALSE
	EndGlobalSection
	GlobalSection(ExtensibilityGlobals) = postSolution
		SolutionGuid = {1F1B7386-A3DD-4F91-AAB4-70153A59C080}
	EndGlobalSection
EndGlobal
